
Microsoft Visual Studio Solution File, Format Version 12.00
# Visual Studio Version 17
VisualStudioVersion = 17.14.36429.23 d17.14
MinimumVisualStudioVersion = 10.0.40219.1
Project("{FAE04EC0-301F-11D3-BF4B-00C04F79EFBC}") = "ETicaret", "ETicaret\ETicaret.csproj", "{0DE8D1DE-E081-41A0-8EFC-7BF2CC096237}"
EndProject
Global
	GlobalSection(SolutionConfigurationPlatforms) = preSolution
		Debug|Any CPU = Debug|Any CPU
		Release|Any CPU = Release|Any CPU
	EndGlobalSection
	GlobalSection(ProjectConfigurationPlatforms) = postSolution
		{0DE8D1DE-E081-41A0-8EFC-7BF2CC096237}.Debug|Any CPU.ActiveCfg = Debug|Any CPU
		{0DE8D1DE-E081-41A0-8EFC-7BF2CC096237}.Debug|Any CPU.Build.0 = Debug|Any CPU
		{0DE8D1DE-E081-41A0-8EFC-7BF2CC096237}.Release|Any CPU.ActiveCfg = Release|Any CPU
		{0DE8D1DE-E081-41A0-8EFC-7BF2CC096237}.Release|Any CPU.Build.0 = Release|Any CPU
	EndGlobalSection
	GlobalSection(SolutionProperties) = preSolution
		HideSolutionNode = FALSE
	EndGlobalSection
	GlobalSection(ExtensibilityGlobals) = postSolution
		SolutionGuid = {FFA13043-9607-4343-96FF-70CD6C4EF992}
	EndGlobalSection
EndGlobal
